{
  "name": "settings-app",
  "lockfileVersion": 3,
  "requires": true,
  "packages": {
    "": {
      "name": "settings-app",
      "dependencies": {
        "@funsaized/stet": "file:../funsaized-stet-0.0.2.tgz"
      }
    },
    "node_modules/@funsaized/stet": {
      "version": "0.0.2",
      "resolved": "file:../funsaized-stet-0.0.2.tgz",
      "integrity": "sha512-qZ6qtHVbLQF2L5Aan7j1hWFNGX0XU1TZ+yGT6Hq/otgXDAUuLRbajhf8p5JZ3GzYG4TmdQSe2pO02EAhgTQmMA==",
      "license": "MIT",
      "bin": {
        "stet": "agent/cli.mjs"
      },
      "peerDependencies": {
        "@angular/core": ">=20 <22",
        "react": ">=18 <20",
        "vue": ">=3 <4"
      },
      "peerDependenciesMeta": {
        "@angular/core": {
          "optional": true
        },
        "react": {
          "optional": true
        },
        "vue": {
          "optional": true
        }
      }
    }
  }
}
